
Microsoft Visual Studio Solution File, Format Version 12.00
# Visual Studio Version 16
VisualStudioVersion = 16.0.31410.357
MinimumVisualStudioVersion = 10.0.40219.1
Project("{8BC9CEB8-8B4A-11D0-8D11-00A0C91BC942}") = "kruskal_algorithn", "kruskal_algorithn\kruskal_algorithn.vcxproj", "{BA083D93-D0D3-4D76-A849-61C821016894}"
EndProject
Project("{8BC9CEB8-8B4A-11D0-8D11-00A0C91BC942}") = "prob", "prob\prob.vcxproj", "{3D627002-0519-47F2-8B7F-02C0D6E5729D}"
EndProject
Global
	GlobalSection(SolutionConfigurationPlatforms) = preSolution
		Debug|x64 = Debug|x64
		Debug|x86 = Debug|x86
		Release|x64 = Release|x64
		Release|x86 = Release|x86
	EndGlobalSection
	GlobalSection(ProjectConfigurationPlatforms) = postSolution
		{BA083D93-D0D3-4D76-A849-61C821016894}.Debug|x64.ActiveCfg = Debug|x64
		{BA083D93-D0D3-4D76-A849-61C821016894}.Debug|x64.Build.0 = Debug|x64
		{BA083D93-D0D3-4D76-A849-61C821016894}.Debug|x86.ActiveCfg = Debug|Win32
		{BA083D93-D0D3-4D76-A849-61C821016894}.Debug|x86.Build.0 = Debug|Win32
		{BA083D93-D0D3-4D76-A849-61C821016894}.Release|x64.ActiveCfg = Release|x64
		{BA083D93-D0D3-4D76-A849-61C821016894}.Release|x64.Build.0 = Release|x64
		{BA083D93-D0D3-4D76-A849-61C821016894}.Release|x86.ActiveCfg = Release|Win32
		{BA083D93-D0D3-4D76-A849-61C821016894}.Release|x86.Build.0 = Release|Win32
		{3D627002-0519-47F2-8B7F-02C0D6E5729D}.Debug|x64.ActiveCfg = Debug|x64
		{3D627002-0519-47F2-8B7F-02C0D6E5729D}.Debug|x64.Build.0 = Debug|x64
		{3D627002-0519-47F2-8B7F-02C0D6E5729D}.Debug|x86.ActiveCfg = Debug|Win32
		{3D627002-0519-47F2-8B7F-02C0D6E5729D}.Debug|x86.Build.0 = Debug|Win32
		{3D627002-0519-47F2-8B7F-02C0D6E5729D}.Release|x64.ActiveCfg = Release|x64
		{3D627002-0519-47F2-8B7F-02C0D6E5729D}.Release|x64.Build.0 = Release|x64
		{3D627002-0519-47F2-8B7F-02C0D6E5729D}.Release|x86.ActiveCfg = Release|Win32
		{3D627002-0519-47F2-8B7F-02C0D6E5729D}.Release|x86.Build.0 = Release|Win32
	EndGlobalSection
	GlobalSection(SolutionProperties) = preSolution
		HideSolutionNode = FALSE
	EndGlobalSection
	GlobalSection(ExtensibilityGlobals) = postSolution
		SolutionGuid = {E2816EF2-F2CB-4125-94F8-BAE2D92752EE}
	EndGlobalSection
EndGlobal
